
Microsoft Visual Studio Solution File, Format Version 12.00
# Visual Studio 14
VisualStudioVersion = 14.0.24720.0
MinimumVisualStudioVersion = 10.0.40219.1
Project("{FAE04EC0-301F-11D3-BF4B-00C04F79EFBC}") = "Phase 07", "Phase03-1\Phase 07.csproj", "{DDE644EA-901B-40D4-81B2-493E3A59C6FE}"
EndProject
Global
	GlobalSection(SolutionConfigurationPlatforms) = preSolution
		Debug|Any CPU = Debug|Any CPU
		Release|Any CPU = Release|Any CPU
	EndGlobalSection
	GlobalSection(ProjectConfigurationPlatforms) = postSolution
		{DDE644EA-901B-40D4-81B2-493E3A59C6FE}.Debug|Any CPU.ActiveCfg = Debug|Any CPU
		{DDE644EA-901B-40D4-81B2-493E3A59C6FE}.Debug|Any CPU.Build.0 = Debug|Any CPU
		{DDE644EA-901B-40D4-81B2-493E3A59C6FE}.Release|Any CPU.ActiveCfg = Release|Any CPU
		{DDE644EA-901B-40D4-81B2-493E3A59C6FE}.Release|Any CPU.Build.0 = Release|Any CPU
	EndGlobalSection
	GlobalSection(SolutionProperties) = preSolution
		HideSolutionNode = FALSE
	EndGlobalSection
EndGlobal
