
Microsoft Visual Studio Solution File, Format Version 12.00
# Visual Studio 2012
Project("{FAE04EC0-301F-11D3-BF4B-00C04F79EFBC}") = "EventsDiv7", "EventsDiv7\EventsDiv7.csproj", "{BE70250E-1838-42E7-8F9E-6ADBDB2245A3}"
EndProject
Global
	GlobalSection(SolutionConfigurationPlatforms) = preSolution
		Debug|Any CPU = Debug|Any CPU
		Release|Any CPU = Release|Any CPU
	EndGlobalSection
	GlobalSection(ProjectConfigurationPlatforms) = postSolution
		{BE70250E-1838-42E7-8F9E-6ADBDB2245A3}.Debug|Any CPU.ActiveCfg = Debug|Any CPU
		{BE70250E-1838-42E7-8F9E-6ADBDB2245A3}.Debug|Any CPU.Build.0 = Debug|Any CPU
		{BE70250E-1838-42E7-8F9E-6ADBDB2245A3}.Release|Any CPU.ActiveCfg = Release|Any CPU
		{BE70250E-1838-42E7-8F9E-6ADBDB2245A3}.Release|Any CPU.Build.0 = Release|Any CPU
	EndGlobalSection
	GlobalSection(SolutionProperties) = preSolution
		HideSolutionNode = FALSE
	EndGlobalSection
EndGlobal
